<?xml version="1.0" encoding="utf-8"?>
<Project ToolsVersion="4.0" xmlns="http://schemas.microsoft.com/developer/msbuild/2003">
  <ItemGroup>
    <Filter Include="Quelldateien">
      <UniqueIdentifier>{4FC737F1-C7A5-4376-A066-2A32D752A2FF}</UniqueIdentifier>
      <Extensions>cpp;c;cc;cxx;c++;def;odl;idl;hpj;bat;asm;asmx</Extensions>
    </Filter>
    <Filter Include="Headerdateien">
      <UniqueIdentifier>{93995380-89BD-4b04-88EB-625FBE52EBFB}</UniqueIdentifier>
      <Extensions>h;hh;hpp;hxx;h++;hm;inl;inc;ipp;xsd</Extensions>
    </Filter>
    <Filter Include="Ressourcendateien">
      <UniqueIdentifier>{67DA6AB6-F800-4c08-8B7A-83BB121AAD01}</UniqueIdentifier>
      <Extensions>rc;ico;cur;bmp;dlg;rc2;rct;bin;rgs;gif;jpg;jpeg;jpe;resx;tiff;tif;png;wav;mfcribbon-ms</Extensions>
    </Filter>
  </ItemGroup>
  <ItemGroup>
    <ClInclude Include="TrainControll_Fahrplan.h">
      <Filter>Headerdateien</Filter>
    </ClInclude>
    <ClInclude Include="TrainControll_FahrplanDlg.h">
      <Filter>Headerdateien</Filter>
    </ClInclude>
    <ClInclude Include="framework.h">
      <Filter>Headerdateien</Filter>
    </ClInclude>
    <ClInclude Include="targetver.h">
      <Filter>Headerdateien</Filter>
    </ClInclude>
    <ClInclude Include="Resource.h">
      <Filter>Headerdateien</Filter>
    </ClInclude>
    <ClInclude Include="pch.h">
      <Filter>Headerdateien</Filter>
    </ClInclude>
    <ClInclude Include="3DMeterGleis.h">
      <Filter>Headerdateien</Filter>
    </ClInclude>
    <ClInclude Include="3DMeterStatus.h">
      <Filter>Headerdateien</Filter>
    </ClInclude>
    <ClInclude Include="CaptureGraph.h">
      <Filter>Headerdateien</Filter>
    </ClInclude>
    <ClInclude Include="CBlockData.h">
      <Filter>Headerdateien</Filter>
    </ClInclude>
    <ClInclude Include="CDataFahrplan.h">
      <Filter>Headerdateien</Filter>
    </ClInclude>
    <ClInclude Include="CDataXpressNet.h">
      <Filter>Headerdateien</Filter>
    </ClInclude>
    <ClInclude Include="CDatenBankLok.h">
      <Filter>Headerdateien</Filter>
    </ClInclude>
    <ClInclude Include="CDlg_Fahrplan.h">
      <Filter>Headerdateien</Filter>
    </ClInclude>
    <ClInclude Include="CDlg_RunCam_Train.h">
      <Filter>Headerdateien</Filter>
    </ClInclude>
    <ClInclude Include="CGleisPlan.h">
      <Filter>Headerdateien</Filter>
    </ClInclude>
    <ClInclude Include="CInfoBlock.h">
      <Filter>Headerdateien</Filter>
    </ClInclude>
    <ClInclude Include="CustomTrace.h">
      <Filter>Headerdateien</Filter>
    </ClInclude>
    <ClInclude Include="Dlg_CV_Action.h">
      <Filter>Headerdateien</Filter>
    </ClInclude>
    <ClInclude Include="VC_TableInfo.h">
      <Filter>Headerdateien</Filter>
    </ClInclude>
    <ClInclude Include="XpressNetCom.h">
      <Filter>Headerdateien</Filter>
    </ClInclude>
    <ClInclude Include="Dlg_Liste_Funktion.h">
      <Filter>Headerdateien</Filter>
    </ClInclude>
    <ClInclude Include="Dlg_Liste_Train.h">
      <Filter>Headerdateien</Filter>
    </ClInclude>
    <ClInclude Include="Dlg_Lok_Funktionen.h">
      <Filter>Headerdateien</Filter>
    </ClInclude>
    <ClInclude Include="Dlg_Plan_Liste_Train.h">
      <Filter>Headerdateien</Filter>
    </ClInclude>
    <ClInclude Include="Dlg_Setup_Train.h">
      <Filter>Headerdateien</Filter>
    </ClInclude>
    <ClInclude Include="Dlg_Test_Weiche.h">
      <Filter>Headerdateien</Filter>
    </ClInclude>
    <ClInclude Include="DlgTrainRun.h">
      <Filter>Headerdateien</Filter>
    </ClInclude>
    <ClInclude Include="EditableListCtrl.h">
      <Filter>Headerdateien</Filter>
    </ClInclude>
    <ClInclude Include="InPlaceEdit.h">
      <Filter>Headerdateien</Filter>
    </ClInclude>
    <ClInclude Include="MemDC.h">
      <Filter>Headerdateien</Filter>
    </ClInclude>
  </ItemGroup>
  <ItemGroup>
    <ClCompile Include="TrainControll_Fahrplan.cpp">
      <Filter>Quelldateien</Filter>
    </ClCompile>
    <ClCompile Include="TrainControll_FahrplanDlg.cpp">
      <Filter>Quelldateien</Filter>
    </ClCompile>
    <ClCompile Include="pch.cpp">
      <Filter>Quelldateien</Filter>
    </ClCompile>
    <ClCompile Include="3DMeterGleis.cpp">
      <Filter>Quelldateien</Filter>
    </ClCompile>
    <ClCompile Include="3DMeterStatus.cpp">
      <Filter>Quelldateien</Filter>
    </ClCompile>
    <ClCompile Include="CaptureGraph.cpp">
      <Filter>Quelldateien</Filter>
    </ClCompile>
    <ClCompile Include="CBlockData.cpp">
      <Filter>Quelldateien</Filter>
    </ClCompile>
    <ClCompile Include="CDataFahrplan.cpp">
      <Filter>Quelldateien</Filter>
    </ClCompile>
    <ClCompile Include="CDataXpressNet.cpp">
      <Filter>Quelldateien</Filter>
    </ClCompile>
    <ClCompile Include="CDatenBankLok.cpp">
      <Filter>Quelldateien</Filter>
    </ClCompile>
    <ClCompile Include="CDlg_Fahrplan.cpp">
      <Filter>Quelldateien</Filter>
    </ClCompile>
    <ClCompile Include="CDlg_RunCam_Train.cpp">
      <Filter>Quelldateien</Filter>
    </ClCompile>
    <ClCompile Include="CGleisPlan.cpp">
      <Filter>Quelldateien</Filter>
    </ClCompile>
    <ClCompile Include="CInfoBlock.cpp">
      <Filter>Quelldateien</Filter>
    </ClCompile>
    <ClCompile Include="CustomTrace.cpp">
      <Filter>Quelldateien</Filter>
    </ClCompile>
    <ClCompile Include="Dlg_CV_Action.cpp">
      <Filter>Quelldateien</Filter>
    </ClCompile>
    <ClCompile Include="VC_TableInfo.cpp">
      <Filter>Quelldateien</Filter>
    </ClCompile>
    <ClCompile Include="XpressNetCom.cpp">
      <Filter>Quelldateien</Filter>
    </ClCompile>
    <ClCompile Include="Dlg_Liste_Funktion.cpp">
      <Filter>Quelldateien</Filter>
    </ClCompile>
    <ClCompile Include="Dlg_Liste_Train.cpp">
      <Filter>Quelldateien</Filter>
    </ClCompile>
    <ClCompile Include="Dlg_Lok_Funktionen.cpp">
      <Filter>Quelldateien</Filter>
    </ClCompile>
    <ClCompile Include="Dlg_Plan_Liste_Train.cpp">
      <Filter>Quelldateien</Filter>
    </ClCompile>
    <ClCompile Include="Dlg_Setup_Train.cpp">
      <Filter>Quelldateien</Filter>
    </ClCompile>
    <ClCompile Include="Dlg_Test_Weiche.cpp">
      <Filter>Quelldateien</Filter>
    </ClCompile>
    <ClCompile Include="DlgTrainRun.cpp">
      <Filter>Quelldateien</Filter>
    </ClCompile>
    <ClCompile Include="EditableListCtrl.cpp">
      <Filter>Quelldateien</Filter>
    </ClCompile>
    <ClCompile Include="InPlaceEdit.cpp">
      <Filter>Quelldateien</Filter>
    </ClCompile>
  </ItemGroup>
  <ItemGroup>
    <ResourceCompile Include="TrainControllFahrplan.rc">
      <Filter>Ressourcendateien</Filter>
    </ResourceCompile>
  </ItemGroup>
  <ItemGroup>
    <None Include="res\TrainControllFahrplan.rc2">
      <Filter>Ressourcendateien</Filter>
    </None>
  </ItemGroup>
  <ItemGroup>
    <Image Include="res\TrainControll_Fahrplan.ico">
      <Filter>Ressourcendateien</Filter>
    </Image>
    <Image Include="res\icon1.ico">
      <Filter>Ressourcendateien</Filter>
    </Image>
    <Image Include="res\icon2.ico">
      <Filter>Ressourcendateien</Filter>
    </Image>
    <Image Include="res\f14_o.bmp">
      <Filter>Ressourcendateien</Filter>
    </Image>
    <Image Include="res\f14_i.bmp">
      <Filter>Ressourcendateien</Filter>
    </Image>
    <Image Include="res\f16_i.bmp">
      <Filter>Ressourcendateien</Filter>
    </Image>
    <Image Include="res\f16_o.bmp">
      <Filter>Ressourcendateien</Filter>
    </Image>
    <Image Include="res\f15_o.bmp">
      <Filter>Ressourcendateien</Filter>
    </Image>
    <Image Include="res\f15_i.bmp">
      <Filter>Ressourcendateien</Filter>
    </Image>
    <Image Include="res\Tacho.bmp">
      <Filter>Ressourcendateien</Filter>
    </Image>
    <Image Include="res\Pfeil_L.bmp">
      <Filter>Ressourcendateien</Filter>
    </Image>
    <Image Include="res\Pfeil_R.bmp">
      <Filter>Ressourcendateien</Filter>
    </Image>
    <Image Include="res\LOK gegen Uhr.bmp">
      <Filter>Ressourcendateien</Filter>
    </Image>
    <Image Include="res\LOK in Uhr.bmp">
      <Filter>Ressourcendateien</Filter>
    </Image>
    <Image Include="res\bitlok_g.bmp">
      <Filter>Ressourcendateien</Filter>
    </Image>
    <Image Include="res\bitlok_h.bmp">
      <Filter>Ressourcendateien</Filter>
    </Image>
  </ItemGroup>
</Project>